// !$*UTF8*$!
{
	archiveVersion = 1;
	classes = {
	};
	objectVersion = 55;
	objects = {

/* Begin PBXBuildFile section */
		DE025050286F3AE400B031B8 /* AppDelegate.swift in Sources */ = {isa = PBXBuildFile; fileRef = DE02504F286F3AE400B031B8 /* AppDelegate.swift */; };
		DE025052286F3AE400B031B8 /* SceneDelegate.swift in Sources */ = {isa = PBXBuildFile; fileRef = DE025051286F3AE400B031B8 /* SceneDelegate.swift */; };
		DE025054286F3AE400B031B8 /* MainViewController.swift in Sources */ = {isa = PBXBuildFile; fileRef = DE025053286F3AE400B031B8 /* MainViewController.swift */; };
		DE025057286F3AE400B031B8 /* Main.storyboard in Resources */ = {isa = PBXBuildFile; fileRef = DE025055286F3AE400B031B8 /* Main.storyboard */; };
		DE025059286F3AE900B031B8 /* Assets.xcassets in Resources */ = {isa = PBXBuildFile; fileRef = DE025058286F3AE900B031B8 /* Assets.xcassets */; };
		DE02505C286F3AE900B031B8 /* LaunchScreen.storyboard in Resources */ = {isa = PBXBuildFile; fileRef = DE02505A286F3AE900B031B8 /* LaunchScreen.storyboard */; };
		DE34DF46286F7A730036732D /* CommunityViewController.swift in Sources */ = {isa = PBXBuildFile; fileRef = DE34DF45286F7A730036732D /* CommunityViewController.swift */; };
		DE34DF48287037D60036732D /* UIView+Extension.swift in Sources */ = {isa = PBXBuildFile; fileRef = DE34DF47287037D60036732D /* UIView+Extension.swift */; };
		DE34DF512870442F0036732D /* SearchCollectionViewCell.swift in Sources */ = {isa = PBXBuildFile; fileRef = DE34DF4F2870442F0036732D /* SearchCollectionViewCell.swift */; };
		DE34DF522870442F0036732D /* SearchCollectionViewCell.xib in Resources */ = {isa = PBXBuildFile; fileRef = DE34DF502870442F0036732D /* SearchCollectionViewCell.xib */; };
		DE34DF55287049C20036732D /* RankCollectionViewCell.swift in Sources */ = {isa = PBXBuildFile; fileRef = DE34DF53287049C20036732D /* RankCollectionViewCell.swift */; };
		DE34DF56287049C20036732D /* RankCollectionViewCell.xib in Resources */ = {isa = PBXBuildFile; fileRef = DE34DF54287049C20036732D /* RankCollectionViewCell.xib */; };
		DE34DF5928704C320036732D /* GerneCollectionViewCell.swift in Sources */ = {isa = PBXBuildFile; fileRef = DE34DF5728704C320036732D /* GerneCollectionViewCell.swift */; };
		DE34DF5A28704C320036732D /* GerneCollectionViewCell.xib in Resources */ = {isa = PBXBuildFile; fileRef = DE34DF5828704C320036732D /* GerneCollectionViewCell.xib */; };
/* End PBXBuildFile section */

/* Begin PBXFileReference section */
		DE02504C286F3AE400B031B8 /* EPCO.app */ = {isa = PBXFileReference; explicitFileType = wrapper.application; includeInIndex = 0; path = EPCO.app; sourceTree = BUILT_PRODUCTS_DIR; };
		DE02504F286F3AE400B031B8 /* AppDelegate.swift */ = {isa = PBXFileReference; lastKnownFileType = sourcecode.swift; path = AppDelegate.swift; sourceTree = "<group>"; };
		DE025051286F3AE400B031B8 /* SceneDelegate.swift */ = {isa = PBXFileReference; lastKnownFileType = sourcecode.swift; path = SceneDelegate.swift; sourceTree = "<group>"; };
		DE025053286F3AE400B031B8 /* MainViewController.swift */ = {isa = PBXFileReference; lastKnownFileType = sourcecode.swift; path = MainViewController.swift; sourceTree = "<group>"; };
		DE025056286F3AE400B031B8 /* Base */ = {isa = PBXFileReference; lastKnownFileType = file.storyboard; name = Base; path = Base.lproj/Main.storyboard; sourceTree = "<group>"; };
		DE025058286F3AE900B031B8 /* Assets.xcassets */ = {isa = PBXFileReference; lastKnownFileType = folder.assetcatalog; path = Assets.xcassets; sourceTree = "<group>"; };
		DE02505B286F3AE900B031B8 /* Base */ = {isa = PBXFileReference; lastKnownFileType = file.storyboard; name = Base; path = Base.lproj/LaunchScreen.storyboard; sourceTree = "<group>"; };
		DE02505D286F3AE900B031B8 /* Info.plist */ = {isa = PBXFileReference; lastKnownFileType = text.plist.xml; path = Info.plist; sourceTree = "<group>"; };
		DE34DF45286F7A730036732D /* CommunityViewController.swift */ = {isa = PBXFileReference; lastKnownFileType = sourcecode.swift; path = CommunityViewController.swift; sourceTree = "<group>"; };
		DE34DF47287037D60036732D /* UIView+Extension.swift */ = {isa = PBXFileReference; lastKnownFileType = sourcecode.swift; path = "UIView+Extension.swift"; sourceTree = "<group>"; };
		DE34DF4F2870442F0036732D /* SearchCollectionViewCell.swift */ = {isa = PBXFileReference; lastKnownFileType = sourcecode.swift; path = SearchCollectionViewCell.swift; sourceTree = "<group>"; };
		DE34DF502870442F0036732D /* SearchCollectionViewCell.xib */ = {isa = PBXFileReference; lastKnownFileType = file.xib; path = SearchCollectionViewCell.xib; sourceTree = "<group>"; };
		DE34DF53287049C20036732D /* RankCollectionViewCell.swift */ = {isa = PBXFileReference; lastKnownFileType = sourcecode.swift; path = RankCollectionViewCell.swift; sourceTree = "<group>"; };
		DE34DF54287049C20036732D /* RankCollectionViewCell.xib */ = {isa = PBXFileReference; lastKnownFileType = file.xib; path = RankCollectionViewCell.xib; sourceTree = "<group>"; };
		DE34DF5728704C320036732D /* GerneCollectionViewCell.swift */ = {isa = PBXFileReference; lastKnownFileType = sourcecode.swift; path = GerneCollectionViewCell.swift; sourceTree = "<group>"; };
		DE34DF5828704C320036732D /* GerneCollectionViewCell.xib */ = {isa = PBXFileReference; lastKnownFileType = file.xib; path = GerneCollectionViewCell.xib; sourceTree = "<group>"; };
/* End PBXFileReference section */

/* Begin PBXFrameworksBuildPhase section */
		DE025049286F3AE400B031B8 /* Frameworks */ = {
			isa = PBXFrameworksBuildPhase;
			buildActionMask = 2147483647;
			files = (
			);
			runOnlyForDeploymentPostprocessing = 0;
		};
/* End PBXFrameworksBuildPhase section */

/* Begin PBXGroup section */
		DE025043286F3AE400B031B8 = {
			isa = PBXGroup;
			children = (
				DE02504E286F3AE400B031B8 /* EPCO */,
				DE02504D286F3AE400B031B8 /* Products */,
			);
			sourceTree = "<group>";
		};
		DE02504D286F3AE400B031B8 /* Products */ = {
			isa = PBXGroup;
			children = (
				DE02504C286F3AE400B031B8 /* EPCO.app */,
			);
			name = Products;
			sourceTree = "<group>";
		};
		DE02504E286F3AE400B031B8 /* EPCO */ = {
			isa = PBXGroup;
			children = (
				DE34DF4A28703F5F0036732D /* Community */,
				DE02504F286F3AE400B031B8 /* AppDelegate.swift */,
				DE025051286F3AE400B031B8 /* SceneDelegate.swift */,
				DE025053286F3AE400B031B8 /* MainViewController.swift */,
				DE025055286F3AE400B031B8 /* Main.storyboard */,
				DE025058286F3AE900B031B8 /* Assets.xcassets */,
				DE02505A286F3AE900B031B8 /* LaunchScreen.storyboard */,
				DE34DF49287037E00036732D /* Extension */,
				DE02505D286F3AE900B031B8 /* Info.plist */,
			);
			path = EPCO;
			sourceTree = "<group>";
		};
		DE34DF49287037E00036732D /* Extension */ = {
			isa = PBXGroup;
			children = (
				DE34DF47287037D60036732D /* UIView+Extension.swift */,
			);
			path = Extension;
			sourceTree = "<group>";
		};
		DE34DF4A28703F5F0036732D /* Community */ = {
			isa = PBXGroup;
			children = (
				DE34DF45286F7A730036732D /* CommunityViewController.swift */,
				DE34DF4F2870442F0036732D /* SearchCollectionViewCell.swift */,
				DE34DF502870442F0036732D /* SearchCollectionViewCell.xib */,
				DE34DF53287049C20036732D /* RankCollectionViewCell.swift */,
				DE34DF54287049C20036732D /* RankCollectionViewCell.xib */,
				DE34DF5728704C320036732D /* GerneCollectionViewCell.swift */,
				DE34DF5828704C320036732D /* GerneCollectionViewCell.xib */,
			);
			path = Community;
			sourceTree = "<group>";
		};
/* End PBXGroup section */

/* Begin PBXNativeTarget section */
		DE02504B286F3AE400B031B8 /* EPCO */ = {
			isa = PBXNativeTarget;
			buildConfigurationList = DE025060286F3AE900B031B8 /* Build configuration list for PBXNativeTarget "EPCO" */;
			buildPhases = (
				DE025048286F3AE400B031B8 /* Sources */,
				DE025049286F3AE400B031B8 /* Frameworks */,
				DE02504A286F3AE400B031B8 /* Resources */,
			);
			buildRules = (
			);
			dependencies = (
			);
			name = EPCO;
			productName = EPCO;
			productReference = DE02504C286F3AE400B031B8 /* EPCO.app */;
			productType = "com.apple.product-type.application";
		};
/* End PBXNativeTarget section */

/* Begin PBXProject section */
		DE025044286F3AE400B031B8 /* Project object */ = {
			isa = PBXProject;
			attributes = {
				BuildIndependentTargetsInParallel = 1;
				LastSwiftUpdateCheck = 1340;
				LastUpgradeCheck = 1340;
				TargetAttributes = {
					DE02504B286F3AE400B031B8 = {
						CreatedOnToolsVersion = 13.4.1;
					};
				};
			};
			buildConfigurationList = DE025047286F3AE400B031B8 /* Build configuration list for PBXProject "EPCO" */;
			compatibilityVersion = "Xcode 13.0";
			developmentRegion = en;
			hasScannedForEncodings = 0;
			knownRegions = (
				en,
				Base,
			);
			mainGroup = DE025043286F3AE400B031B8;
			productRefGroup = DE02504D286F3AE400B031B8 /* Products */;
			projectDirPath = "";
			projectRoot = "";
			targets = (
				DE02504B286F3AE400B031B8 /* EPCO */,
			);
		};
/* End PBXProject section */

/* Begin PBXResourcesBuildPhase section */
		DE02504A286F3AE400B031B8 /* Resources */ = {
			isa = PBXResourcesBuildPhase;
			buildActionMask = 2147483647;
			files = (
				DE34DF5A28704C320036732D /* GerneCollectionViewCell.xib in Resources */,
				DE02505C286F3AE900B031B8 /* LaunchScreen.storyboard in Resources */,
				DE025059286F3AE900B031B8 /* Assets.xcassets in Resources */,
				DE34DF522870442F0036732D /* SearchCollectionViewCell.xib in Resources */,
				DE34DF56287049C20036732D /* RankCollectionViewCell.xib in Resources */,
				DE025057286F3AE400B031B8 /* Main.storyboard in Resources */,
			);
			runOnlyForDeploymentPostprocessing = 0;
		};
/* End PBXResourcesBuildPhase section */

/* Begin PBXSourcesBuildPhase section */
		DE025048286F3AE400B031B8 /* Sources */ = {
			isa = PBXSourcesBuildPhase;
			buildActionMask = 2147483647;
			files = (
				DE34DF5928704C320036732D /* GerneCollectionViewCell.swift in Sources */,
				DE34DF46286F7A730036732D /* CommunityViewController.swift in Sources */,
				DE025054286F3AE400B031B8 /* MainViewController.swift in Sources */,
				DE34DF55287049C20036732D /* RankCollectionViewCell.swift in Sources */,
				DE34DF512870442F0036732D /* SearchCollectionViewCell.swift in Sources */,
				DE025050286F3AE400B031B8 /* AppDelegate.swift in Sources */,
				DE34DF48287037D60036732D /* UIView+Extension.swift in Sources */,
				DE025052286F3AE400B031B8 /* SceneDelegate.swift in Sources */,
			);
			runOnlyForDeploymentPostprocessing = 0;
		};
/* End PBXSourcesBuildPhase section */

/* Begin PBXVariantGroup section */
		DE025055286F3AE400B031B8 /* Main.storyboard */ = {
			isa = PBXVariantGroup;
			children = (
				DE025056286F3AE400B031B8 /* Base */,
			);
			name = Main.storyboard;
			sourceTree = "<group>";
		};
		DE02505A286F3AE900B031B8 /* LaunchScreen.storyboard */ = {
			isa = PBXVariantGroup;
			children = (
				DE02505B286F3AE900B031B8 /* Base */,
			);
			name = LaunchScreen.storyboard;
			sourceTree = "<group>";
		};
/* End PBXVariantGroup section */

/* Begin XCBuildConfiguration section */
		DE02505E286F3AE900B031B8 /* Debug */ = {
			isa = XCBuildConfiguration;
			buildSettings = {
				ALWAYS_SEARCH_USER_PATHS = NO;
				CLANG_ANALYZER_NONNULL = YES;
				CLANG_ANALYZER_NUMBER_OBJECT_CONVERSION = YES_AGGRESSIVE;
				CLANG_CXX_LANGUAGE_STANDARD = "gnu++17";
				CLANG_ENABLE_MODULES = YES;
				CLANG_ENABLE_OBJC_ARC = YES;
				CLANG_ENABLE_OBJC_WEAK = YES;
				CLANG_WARN_BLOCK_CAPTURE_AUTORELEASING = YES;
				CLANG_WARN_BOOL_CONVERSION = YES;
				CLANG_WARN_COMMA = YES;
				CLANG_WARN_CONSTANT_CONVERSION = YES;
				CLANG_WARN_DEPRECATED_OBJC_IMPLEMENTATIONS = YES;
				CLANG_WARN_DIRECT_OBJC_ISA_USAGE = YES_ERROR;
				CLANG_WARN_DOCUMENTATION_COMMENTS = YES;
				CLANG_WARN_EMPTY_BODY = YES;
				CLANG_WARN_ENUM_CONVERSION = YES;
				CLANG_WARN_INFINITE_RECURSION = YES;
				CLANG_WARN_INT_CONVERSION = YES;
				CLANG_WARN_NON_LITERAL_NULL_CONVERSION = YES;
				CLANG_WARN_OBJC_IMPLICIT_RETAIN_SELF = YES;
				CLANG_WARN_OBJC_LITERAL_CONVERSION = YES;
				CLANG_WARN_OBJC_ROOT_CLASS = YES_ERROR;
				CLANG_WARN_QUOTED_INCLUDE_IN_FRAMEWORK_HEADER = YES;
				CLANG_WARN_RANGE_LOOP_ANALYSIS = YES;
				CLANG_WARN_STRICT_PROTOTYPES = YES;
				CLANG_WARN_SUSPICIOUS_MOVE = YES;
				CLANG_WARN_UNGUARDED_AVAILABILITY = YES_AGGRESSIVE;
				CLANG_WARN_UNREACHABLE_CODE = YES;
				CLANG_WARN__DUPLICATE_METHOD_MATCH = YES;
				COPY_PHASE_STRIP = NO;
				DEBUG_INFORMATION_FORMAT = dwarf;
				ENABLE_STRICT_OBJC_MSGSEND = YES;
				ENABLE_TESTABILITY = YES;
				GCC_C_LANGUAGE_STANDARD = gnu11;
				GCC_DYNAMIC_NO_PIC = NO;
				GCC_NO_COMMON_BLOCKS = YES;
				GCC_OPTIMIZATION_LEVEL = 0;
				GCC_PREPROCESSOR_DEFINITIONS = (
					"DEBUG=1",
					"$(inherited)",
				);
				GCC_WARN_64_TO_32_BIT_CONVERSION = YES;
				GCC_WARN_ABOUT_RETURN_TYPE = YES_ERROR;
				GCC_WARN_UNDECLARED_SELECTOR = YES;
				GCC_WARN_UNINITIALIZED_AUTOS = YES_AGGRESSIVE;
				GCC_WARN_UNUSED_FUNCTION = YES;
				GCC_WARN_UNUSED_VARIABLE = YES;
				IPHONEOS_DEPLOYMENT_TARGET = 15.5;
				MTL_ENABLE_DEBUG_INFO = INCLUDE_SOURCE;
				MTL_FAST_MATH = YES;
				ONLY_ACTIVE_ARCH = YES;
				SDKROOT = iphoneos;
				SWIFT_ACTIVE_COMPILATION_CONDITIONS = DEBUG;
				SWIFT_OPTIMIZATION_LEVEL = "-Onone";
			};
			name = Debug;
		};
		DE02505F286F3AE900B031B8 /* Release */ = {
			isa = XCBuildConfiguration;
			buildSettings = {
				ALWAYS_SEARCH_USER_PATHS = NO;
				CLANG_ANALYZER_NONNULL = YES;
				CLANG_ANALYZER_NUMBER_OBJECT_CONVERSION = YES_AGGRESSIVE;
				CLANG_CXX_LANGUAGE_STANDARD = "gnu++17";
				CLANG_ENABLE_MODULES = YES;
				CLANG_ENABLE_OBJC_ARC = YES;
				CLANG_ENABLE_OBJC_WEAK = YES;
				CLANG_WARN_BLOCK_CAPTURE_AUTORELEASING = YES;
				CLANG_WARN_BOOL_CONVERSION = YES;
				CLANG_WARN_COMMA = YES;
				CLANG_WARN_CONSTANT_CONVERSION = YES;
				CLANG_WARN_DEPRECATED_OBJC_IMPLEMENTATIONS = YES;
				CLANG_WARN_DIRECT_OBJC_ISA_USAGE = YES_ERROR;
				CLANG_WARN_DOCUMENTATION_COMMENTS = YES;
				CLANG_WARN_EMPTY_BODY = YES;
				CLANG_WARN_ENUM_CONVERSION = YES;
				CLANG_WARN_INFINITE_RECURSION = YES;
				CLANG_WARN_INT_CONVERSION = YES;
				CLANG_WARN_NON_LITERAL_NULL_CONVERSION = YES;
				CLANG_WARN_OBJC_IMPLICIT_RETAIN_SELF = YES;
				CLANG_WARN_OBJC_LITERAL_CONVERSION = YES;
				CLANG_WARN_OBJC_ROOT_CLASS = YES_ERROR;
				CLANG_WARN_QUOTED_INCLUDE_IN_FRAMEWORK_HEADER = YES;
				CLANG_WARN_RANGE_LOOP_ANALYSIS = YES;
				CLANG_WARN_STRICT_PROTOTYPES = YES;
				CLANG_WARN_SUSPICIOUS_MOVE = YES;
				CLANG_WARN_UNGUARDED_AVAILABILITY = YES_AGGRESSIVE;
				CLANG_WARN_UNREACHABLE_CODE = YES;
				CLANG_WARN__DUPLICATE_METHOD_MATCH = YES;
				COPY_PHASE_STRIP = NO;
				DEBUG_INFORMATION_FORMAT = "dwarf-with-dsym";
				ENABLE_NS_ASSERTIONS = NO;
				ENABLE_STRICT_OBJC_MSGSEND = YES;
				GCC_C_LANGUAGE_STANDARD = gnu11;
				GCC_NO_COMMON_BLOCKS = YES;
				GCC_WARN_64_TO_32_BIT_CONVERSION = YES;
				GCC_WARN_ABOUT_RETURN_TYPE = YES_ERROR;
				GCC_WARN_UNDECLARED_SELECTOR = YES;
				GCC_WARN_UNINITIALIZED_AUTOS = YES_AGGRESSIVE;
				GCC_WARN_UNUSED_FUNCTION = YES;
				GCC_WARN_UNUSED_VARIABLE = YES;
				IPHONEOS_DEPLOYMENT_TARGET = 15.5;
				MTL_ENABLE_DEBUG_INFO = NO;
				MTL_FAST_MATH = YES;
				SDKROOT = iphoneos;
				SWIFT_COMPILATION_MODE = wholemodule;
				SWIFT_OPTIMIZATION_LEVEL = "-O";
				VALIDATE_PRODUCT = YES;
			};
			name = Release;
		};
		DE025061286F3AE900B031B8 /* Debug */ = {
			isa = XCBuildConfiguration;
			buildSettings = {
				ASSETCATALOG_COMPILER_APPICON_NAME = AppIcon;
				ASSETCATALOG_COMPILER_GLOBAL_ACCENT_COLOR_NAME = AccentColor;
				CODE_SIGN_STYLE = Automatic;
				CURRENT_PROJECT_VERSION = 1;
				DEVELOPMENT_TEAM = AYG8MBJF93;
				GENERATE_INFOPLIST_FILE = YES;
				INFOPLIST_FILE = EPCO/Info.plist;
				INFOPLIST_KEY_UIApplicationSupportsIndirectInputEvents = YES;
				INFOPLIST_KEY_UILaunchStoryboardName = LaunchScreen;
				INFOPLIST_KEY_UIMainStoryboardFile = Main;
				INFOPLIST_KEY_UISupportedInterfaceOrientations_iPad = "UIInterfaceOrientationPortrait UIInterfaceOrientationPortraitUpsideDown UIInterfaceOrientationLandscapeLeft UIInterfaceOrientationLandscapeRight";
				INFOPLIST_KEY_UISupportedInterfaceOrientations_iPhone = "UIInterfaceOrientationPortrait UIInterfaceOrientationLandscapeLeft UIInterfaceOrientationLandscapeRight";
				LD_RUNPATH_SEARCH_PATHS = (
					"$(inherited)",
					"@executable_path/Frameworks",
				);
				MARKETING_VERSION = 1.0;
				PRODUCT_BUNDLE_IDENTIFIER = "ILWAT-com.github.EPCO";
				PRODUCT_NAME = "$(TARGET_NAME)";
				SWIFT_EMIT_LOC_STRINGS = YES;
				SWIFT_VERSION = 5.0;
				TARGETED_DEVICE_FAMILY = 1;
			};
			name = Debug;
		};
		DE025062286F3AE900B031B8 /* Release */ = {
			isa = XCBuildConfiguration;
			buildSettings = {
				ASSETCATALOG_COMPILER_APPICON_NAME = AppIcon;
				ASSETCATALOG_COMPILER_GLOBAL_ACCENT_COLOR_NAME = AccentColor;
				CODE_SIGN_STYLE = Automatic;
				CURRENT_PROJECT_VERSION = 1;
				DEVELOPMENT_TEAM = AYG8MBJF93;
				GENERATE_INFOPLIST_FILE = YES;
				INFOPLIST_FILE = EPCO/Info.plist;
				INFOPLIST_KEY_UIApplicationSupportsIndirectInputEvents = YES;
				INFOPLIST_KEY_UILaunchStoryboardName = LaunchScreen;
				INFOPLIST_KEY_UIMainStoryboardFile = Main;
				INFOPLIST_KEY_UISupportedInterfaceOrientations_iPad = "UIInterfaceOrientationPortrait UIInterfaceOrientationPortraitUpsideDown UIInterfaceOrientationLandscapeLeft UIInterfaceOrientationLandscapeRight";
				INFOPLIST_KEY_UISupportedInterfaceOrientations_iPhone = "UIInterfaceOrientationPortrait UIInterfaceOrientationLandscapeLeft UIInterfaceOrientationLandscapeRight";
				LD_RUNPATH_SEARCH_PATHS = (
					"$(inherited)",
					"@executable_path/Frameworks",
				);
				MARKETING_VERSION = 1.0;
				PRODUCT_BUNDLE_IDENTIFIER = "ILWAT-com.github.EPCO";
				PRODUCT_NAME = "$(TARGET_NAME)";
				SWIFT_EMIT_LOC_STRINGS = YES;
				SWIFT_VERSION = 5.0;
				TARGETED_DEVICE_FAMILY = 1;
			};
			name = Release;
		};
/* End XCBuildConfiguration section */

/* Begin XCConfigurationList section */
		DE025047286F3AE400B031B8 /* Build configuration list for PBXProject "EPCO" */ = {
			isa = XCConfigurationList;
			buildConfigurations = (
				DE02505E286F3AE900B031B8 /* Debug */,
				DE02505F286F3AE900B031B8 /* Release */,
			);
			defaultConfigurationIsVisible = 0;
			defaultConfigurationName = Release;
		};
		DE025060286F3AE900B031B8 /* Build configuration list for PBXNativeTarget "EPCO" */ = {
			isa = XCConfigurationList;
			buildConfigurations = (
				DE025061286F3AE900B031B8 /* Debug */,
				DE025062286F3AE900B031B8 /* Release */,
			);
			defaultConfigurationIsVisible = 0;
			defaultConfigurationName = Release;
		};
/* End XCConfigurationList section */
	};
	rootObject = DE025044286F3AE400B031B8 /* Project object */;
}
